// !$*UTF8*$!
{
	archiveVersion = 1;
	classes = {
	};
	objectVersion = 50;
	objects = {

/* Begin PBXBuildFile section */
		253C730720ED100A00BC1DD8 /* AppDelegate.swift in Sources */ = {isa = PBXBuildFile; fileRef = 253C730620ED100A00BC1DD8 /* AppDelegate.swift */; };
		253C730920ED100A00BC1DD8 /* ViewController.swift in Sources */ = {isa = PBXBuildFile; fileRef = 253C730820ED100A00BC1DD8 /* ViewController.swift */; };
		253C730C20ED100A00BC1DD8 /* Main.storyboard in Resources */ = {isa = PBXBuildFile; fileRef = 253C730A20ED100A00BC1DD8 /* Main.storyboard */; };
		253C730E20ED100C00BC1DD8 /* Assets.xcassets in Resources */ = {isa = PBXBuildFile; fileRef = 253C730D20ED100C00BC1DD8 /* Assets.xcassets */; };
		253C731120ED100C00BC1DD8 /* LaunchScreen.storyboard in Resources */ = {isa = PBXBuildFile; fileRef = 253C730F20ED100C00BC1DD8 /* LaunchScreen.storyboard */; };
		253C731C20ED105900BC1DD8 /* Artist.swift in Sources */ = {isa = PBXBuildFile; fileRef = 253C731B20ED105900BC1DD8 /* Artist.swift */; };
		253C731E20ED126800BC1DD8 /* Genre.swift in Sources */ = {isa = PBXBuildFile; fileRef = 253C731D20ED126800BC1DD8 /* Genre.swift */; };
		253C732020ED134000BC1DD8 /* Album.swift in Sources */ = {isa = PBXBuildFile; fileRef = 253C731F20ED134000BC1DD8 /* Album.swift */; };
		253C732220ED172400BC1DD8 /* Song.swift in Sources */ = {isa = PBXBuildFile; fileRef = 253C732120ED172400BC1DD8 /* Song.swift */; };
		253C732420ED1ACB00BC1DD8 /* Stub.swift in Sources */ = {isa = PBXBuildFile; fileRef = 253C732320ED1ACB00BC1DD8 /* Stub.swift */; };
		253C732620ED238C00BC1DD8 /* SearchResultsController.swift in Sources */ = {isa = PBXBuildFile; fileRef = 253C732520ED238C00BC1DD8 /* SearchResultsController.swift */; };
		253C732920ED2AC000BC1DD8 /* SearchResultsDataSource.swift in Sources */ = {isa = PBXBuildFile; fileRef = 253C732820ED2AC000BC1DD8 /* SearchResultsDataSource.swift */; };
/* End PBXBuildFile section */

/* Begin PBXFileReference section */
		253C730320ED100A00BC1DD8 /* iTunesClient.app */ = {isa = PBXFileReference; explicitFileType = wrapper.application; includeInIndex = 0; path = iTunesClient.app; sourceTree = BUILT_PRODUCTS_DIR; };
		253C730620ED100A00BC1DD8 /* AppDelegate.swift */ = {isa = PBXFileReference; lastKnownFileType = sourcecode.swift; path = AppDelegate.swift; sourceTree = "<group>"; };
		253C730820ED100A00BC1DD8 /* ViewController.swift */ = {isa = PBXFileReference; lastKnownFileType = sourcecode.swift; path = ViewController.swift; sourceTree = "<group>"; };
		253C730B20ED100A00BC1DD8 /* Base */ = {isa = PBXFileReference; lastKnownFileType = file.storyboard; name = Base; path = Base.lproj/Main.storyboard; sourceTree = "<group>"; };
		253C730D20ED100C00BC1DD8 /* Assets.xcassets */ = {isa = PBXFileReference; lastKnownFileType = folder.assetcatalog; path = Assets.xcassets; sourceTree = "<group>"; };
		253C731020ED100C00BC1DD8 /* Base */ = {isa = PBXFileReference; lastKnownFileType = file.storyboard; name = Base; path = Base.lproj/LaunchScreen.storyboard; sourceTree = "<group>"; };
		253C731220ED100C00BC1DD8 /* Info.plist */ = {isa = PBXFileReference; lastKnownFileType = text.plist.xml; path = Info.plist; sourceTree = "<group>"; };
		253C731B20ED105900BC1DD8 /* Artist.swift */ = {isa = PBXFileReference; lastKnownFileType = sourcecode.swift; path = Artist.swift; sourceTree = "<group>"; };
		253C731D20ED126800BC1DD8 /* Genre.swift */ = {isa = PBXFileReference; lastKnownFileType = sourcecode.swift; path = Genre.swift; sourceTree = "<group>"; };
		253C731F20ED134000BC1DD8 /* Album.swift */ = {isa = PBXFileReference; lastKnownFileType = sourcecode.swift; path = Album.swift; sourceTree = "<group>"; };
		253C732120ED172400BC1DD8 /* Song.swift */ = {isa = PBXFileReference; lastKnownFileType = sourcecode.swift; path = Song.swift; sourceTree = "<group>"; };
		253C732320ED1ACB00BC1DD8 /* Stub.swift */ = {isa = PBXFileReference; lastKnownFileType = sourcecode.swift; path = Stub.swift; sourceTree = "<group>"; };
		253C732520ED238C00BC1DD8 /* SearchResultsController.swift */ = {isa = PBXFileReference; lastKnownFileType = sourcecode.swift; path = SearchResultsController.swift; sourceTree = "<group>"; };
		253C732820ED2AC000BC1DD8 /* SearchResultsDataSource.swift */ = {isa = PBXFileReference; lastKnownFileType = sourcecode.swift; path = SearchResultsDataSource.swift; sourceTree = "<group>"; };
/* End PBXFileReference section */

/* Begin PBXFrameworksBuildPhase section */
		253C730020ED100A00BC1DD8 /* Frameworks */ = {
			isa = PBXFrameworksBuildPhase;
			buildActionMask = 2147483647;
			files = (
			);
			runOnlyForDeploymentPostprocessing = 0;
		};
/* End PBXFrameworksBuildPhase section */

/* Begin PBXGroup section */
		253C72FA20ED100A00BC1DD8 = {
			isa = PBXGroup;
			children = (
				253C730520ED100A00BC1DD8 /* iTunesClient */,
				253C730420ED100A00BC1DD8 /* Products */,
			);
			sourceTree = "<group>";
		};
		253C730420ED100A00BC1DD8 /* Products */ = {
			isa = PBXGroup;
			children = (
				253C730320ED100A00BC1DD8 /* iTunesClient.app */,
			);
			name = Products;
			sourceTree = "<group>";
		};
		253C730520ED100A00BC1DD8 /* iTunesClient */ = {
			isa = PBXGroup;
			children = (
				253C732720ED2A7C00BC1DD8 /* DataSources */,
				253C731A20ED104200BC1DD8 /* Controllers */,
				253C731920ED103900BC1DD8 /* Views */,
				253C731820ED102A00BC1DD8 /* Models */,
				253C730620ED100A00BC1DD8 /* AppDelegate.swift */,
				253C730A20ED100A00BC1DD8 /* Main.storyboard */,
				253C730D20ED100C00BC1DD8 /* Assets.xcassets */,
				253C730F20ED100C00BC1DD8 /* LaunchScreen.storyboard */,
				253C731220ED100C00BC1DD8 /* Info.plist */,
			);
			path = iTunesClient;
			sourceTree = "<group>";
		};
		253C731820ED102A00BC1DD8 /* Models */ = {
			isa = PBXGroup;
			children = (
				253C731B20ED105900BC1DD8 /* Artist.swift */,
				253C731D20ED126800BC1DD8 /* Genre.swift */,
				253C731F20ED134000BC1DD8 /* Album.swift */,
				253C732120ED172400BC1DD8 /* Song.swift */,
				253C732320ED1ACB00BC1DD8 /* Stub.swift */,
			);
			path = Models;
			sourceTree = "<group>";
		};
		253C731920ED103900BC1DD8 /* Views */ = {
			isa = PBXGroup;
			children = (
			);
			path = Views;
			sourceTree = "<group>";
		};
		253C731A20ED104200BC1DD8 /* Controllers */ = {
			isa = PBXGroup;
			children = (
				253C730820ED100A00BC1DD8 /* ViewController.swift */,
				253C732520ED238C00BC1DD8 /* SearchResultsController.swift */,
			);
			path = Controllers;
			sourceTree = "<group>";
		};
		253C732720ED2A7C00BC1DD8 /* DataSources */ = {
			isa = PBXGroup;
			children = (
				253C732820ED2AC000BC1DD8 /* SearchResultsDataSource.swift */,
			);
			path = DataSources;
			sourceTree = "<group>";
		};
/* End PBXGroup section */

/* Begin PBXNativeTarget section */
		253C730220ED100A00BC1DD8 /* iTunesClient */ = {
			isa = PBXNativeTarget;
			buildConfigurationList = 253C731520ED100C00BC1DD8 /* Build configuration list for PBXNativeTarget "iTunesClient" */;
			buildPhases = (
				253C72FF20ED100A00BC1DD8 /* Sources */,
				253C730020ED100A00BC1DD8 /* Frameworks */,
				253C730120ED100A00BC1DD8 /* Resources */,
			);
			buildRules = (
			);
			dependencies = (
			);
			name = iTunesClient;
			productName = iTunesClient;
			productReference = 253C730320ED100A00BC1DD8 /* iTunesClient.app */;
			productType = "com.apple.product-type.application";
		};
/* End PBXNativeTarget section */

/* Begin PBXProject section */
		253C72FB20ED100A00BC1DD8 /* Project object */ = {
			isa = PBXProject;
			attributes = {
				LastSwiftUpdateCheck = 0940;
				LastUpgradeCheck = 0940;
				ORGANIZATIONNAME = "Devodriq Roberts";
				TargetAttributes = {
					253C730220ED100A00BC1DD8 = {
						CreatedOnToolsVersion = 9.4.1;
					};
				};
			};
			buildConfigurationList = 253C72FE20ED100A00BC1DD8 /* Build configuration list for PBXProject "iTunesClient" */;
			compatibilityVersion = "Xcode 9.3";
			developmentRegion = en;
			hasScannedForEncodings = 0;
			knownRegions = (
				en,
				Base,
			);
			mainGroup = 253C72FA20ED100A00BC1DD8;
			productRefGroup = 253C730420ED100A00BC1DD8 /* Products */;
			projectDirPath = "";
			projectRoot = "";
			targets = (
				253C730220ED100A00BC1DD8 /* iTunesClient */,
			);
		};
/* End PBXProject section */

/* Begin PBXResourcesBuildPhase section */
		253C730120ED100A00BC1DD8 /* Resources */ = {
			isa = PBXResourcesBuildPhase;
			buildActionMask = 2147483647;
			files = (
				253C731120ED100C00BC1DD8 /* LaunchScreen.storyboard in Resources */,
				253C730E20ED100C00BC1DD8 /* Assets.xcassets in Resources */,
				253C730C20ED100A00BC1DD8 /* Main.storyboard in Resources */,
			);
			runOnlyForDeploymentPostprocessing = 0;
		};
/* End PBXResourcesBuildPhase section */

/* Begin PBXSourcesBuildPhase section */
		253C72FF20ED100A00BC1DD8 /* Sources */ = {
			isa = PBXSourcesBuildPhase;
			buildActionMask = 2147483647;
			files = (
				253C732220ED172400BC1DD8 /* Song.swift in Sources */,
				253C731C20ED105900BC1DD8 /* Artist.swift in Sources */,
				253C730920ED100A00BC1DD8 /* ViewController.swift in Sources */,
				253C730720ED100A00BC1DD8 /* AppDelegate.swift in Sources */,
				253C732620ED238C00BC1DD8 /* SearchResultsController.swift in Sources */,
				253C731E20ED126800BC1DD8 /* Genre.swift in Sources */,
				253C732020ED134000BC1DD8 /* Album.swift in Sources */,
				253C732920ED2AC000BC1DD8 /* SearchResultsDataSource.swift in Sources */,
				253C732420ED1ACB00BC1DD8 /* Stub.swift in Sources */,
			);
			runOnlyForDeploymentPostprocessing = 0;
		};
/* End PBXSourcesBuildPhase section */

/* Begin PBXVariantGroup section */
		253C730A20ED100A00BC1DD8 /* Main.storyboard */ = {
			isa = PBXVariantGroup;
			children = (
				253C730B20ED100A00BC1DD8 /* Base */,
			);
			name = Main.storyboard;
			sourceTree = "<group>";
		};
		253C730F20ED100C00BC1DD8 /* LaunchScreen.storyboard */ = {
			isa = PBXVariantGroup;
			children = (
				253C731020ED100C00BC1DD8 /* Base */,
			);
			name = LaunchScreen.storyboard;
			sourceTree = "<group>";
		};
/* End PBXVariantGroup section */

/* Begin XCBuildConfiguration section */
		253C731320ED100C00BC1DD8 /* Debug */ = {
			isa = XCBuildConfiguration;
			buildSettings = {
				ALWAYS_SEARCH_USER_PATHS = NO;
				CLANG_ANALYZER_NONNULL = YES;
				CLANG_ANALYZER_NUMBER_OBJECT_CONVERSION = YES_AGGRESSIVE;
				CLANG_CXX_LANGUAGE_STANDARD = "gnu++14";
				CLANG_CXX_LIBRARY = "libc++";
				CLANG_ENABLE_MODULES = YES;
				CLANG_ENABLE_OBJC_ARC = YES;
				CLANG_ENABLE_OBJC_WEAK = YES;
				CLANG_WARN_BLOCK_CAPTURE_AUTORELEASING = YES;
				CLANG_WARN_BOOL_CONVERSION = YES;
				CLANG_WARN_COMMA = YES;
				CLANG_WARN_CONSTANT_CONVERSION = YES;
				CLANG_WARN_DEPRECATED_OBJC_IMPLEMENTATIONS = YES;
				CLANG_WARN_DIRECT_OBJC_ISA_USAGE = YES_ERROR;
				CLANG_WARN_DOCUMENTATION_COMMENTS = YES;
				CLANG_WARN_EMPTY_BODY = YES;
				CLANG_WARN_ENUM_CONVERSION = YES;
				CLANG_WARN_INFINITE_RECURSION = YES;
				CLANG_WARN_INT_CONVERSION = YES;
				CLANG_WARN_NON_LITERAL_NULL_CONVERSION = YES;
				CLANG_WARN_OBJC_IMPLICIT_RETAIN_SELF = YES;
				CLANG_WARN_OBJC_LITERAL_CONVERSION = YES;
				CLANG_WARN_OBJC_ROOT_CLASS = YES_ERROR;
				CLANG_WARN_RANGE_LOOP_ANALYSIS = YES;
				CLANG_WARN_STRICT_PROTOTYPES = YES;
				CLANG_WARN_SUSPICIOUS_MOVE = YES;
				CLANG_WARN_UNGUARDED_AVAILABILITY = YES_AGGRESSIVE;
				CLANG_WARN_UNREACHABLE_CODE = YES;
				CLANG_WARN__DUPLICATE_METHOD_MATCH = YES;
				CODE_SIGN_IDENTITY = "iPhone Developer";
				COPY_PHASE_STRIP = NO;
				DEBUG_INFORMATION_FORMAT = dwarf;
				ENABLE_STRICT_OBJC_MSGSEND = YES;
				ENABLE_TESTABILITY = YES;
				GCC_C_LANGUAGE_STANDARD = gnu11;
				GCC_DYNAMIC_NO_PIC = NO;
				GCC_NO_COMMON_BLOCKS = YES;
				GCC_OPTIMIZATION_LEVEL = 0;
				GCC_PREPROCESSOR_DEFINITIONS = (
					"DEBUG=1",
					"$(inherited)",
				);
				GCC_WARN_64_TO_32_BIT_CONVERSION = YES;
				GCC_WARN_ABOUT_RETURN_TYPE = YES_ERROR;
				GCC_WARN_UNDECLARED_SELECTOR = YES;
				GCC_WARN_UNINITIALIZED_AUTOS = YES_AGGRESSIVE;
				GCC_WARN_UNUSED_FUNCTION = YES;
				GCC_WARN_UNUSED_VARIABLE = YES;
				IPHONEOS_DEPLOYMENT_TARGET = 11.4;
				MTL_ENABLE_DEBUG_INFO = YES;
				ONLY_ACTIVE_ARCH = YES;
				SDKROOT = iphoneos;
				SWIFT_ACTIVE_COMPILATION_CONDITIONS = DEBUG;
				SWIFT_OPTIMIZATION_LEVEL = "-Onone";
			};
			name = Debug;
		};
		253C731420ED100C00BC1DD8 /* Release */ = {
			isa = XCBuildConfiguration;
			buildSettings = {
				ALWAYS_SEARCH_USER_PATHS = NO;
				CLANG_ANALYZER_NONNULL = YES;
				CLANG_ANALYZER_NUMBER_OBJECT_CONVERSION = YES_AGGRESSIVE;
				CLANG_CXX_LANGUAGE_STANDARD = "gnu++14";
				CLANG_CXX_LIBRARY = "libc++";
				CLANG_ENABLE_MODULES = YES;
				CLANG_ENABLE_OBJC_ARC = YES;
				CLANG_ENABLE_OBJC_WEAK = YES;
				CLANG_WARN_BLOCK_CAPTURE_AUTORELEASING = YES;
				CLANG_WARN_BOOL_CONVERSION = YES;
				CLANG_WARN_COMMA = YES;
				CLANG_WARN_CONSTANT_CONVERSION = YES;
				CLANG_WARN_DEPRECATED_OBJC_IMPLEMENTATIONS = YES;
				CLANG_WARN_DIRECT_OBJC_ISA_USAGE = YES_ERROR;
				CLANG_WARN_DOCUMENTATION_COMMENTS = YES;
				CLANG_WARN_EMPTY_BODY = YES;
				CLANG_WARN_ENUM_CONVERSION = YES;
				CLANG_WARN_INFINITE_RECURSION = YES;
				CLANG_WARN_INT_CONVERSION = YES;
				CLANG_WARN_NON_LITERAL_NULL_CONVERSION = YES;
				CLANG_WARN_OBJC_IMPLICIT_RETAIN_SELF = YES;
				CLANG_WARN_OBJC_LITERAL_CONVERSION = YES;
				CLANG_WARN_OBJC_ROOT_CLASS = YES_ERROR;
				CLANG_WARN_RANGE_LOOP_ANALYSIS = YES;
				CLANG_WARN_STRICT_PROTOTYPES = YES;
				CLANG_WARN_SUSPICIOUS_MOVE = YES;
				CLANG_WARN_UNGUARDED_AVAILABILITY = YES_AGGRESSIVE;
				CLANG_WARN_UNREACHABLE_CODE = YES;
				CLANG_WARN__DUPLICATE_METHOD_MATCH = YES;
				CODE_SIGN_IDENTITY = "iPhone Developer";
				COPY_PHASE_STRIP = NO;
				DEBUG_INFORMATION_FORMAT = "dwarf-with-dsym";
				ENABLE_NS_ASSERTIONS = NO;
				ENABLE_STRICT_OBJC_MSGSEND = YES;
				GCC_C_LANGUAGE_STANDARD = gnu11;
				GCC_NO_COMMON_BLOCKS = YES;
				GCC_WARN_64_TO_32_BIT_CONVERSION = YES;
				GCC_WARN_ABOUT_RETURN_TYPE = YES_ERROR;
				GCC_WARN_UNDECLARED_SELECTOR = YES;
				GCC_WARN_UNINITIALIZED_AUTOS = YES_AGGRESSIVE;
				GCC_WARN_UNUSED_FUNCTION = YES;
				GCC_WARN_UNUSED_VARIABLE = YES;
				IPHONEOS_DEPLOYMENT_TARGET = 11.4;
				MTL_ENABLE_DEBUG_INFO = NO;
				SDKROOT = iphoneos;
				SWIFT_COMPILATION_MODE = wholemodule;
				SWIFT_OPTIMIZATION_LEVEL = "-O";
				VALIDATE_PRODUCT = YES;
			};
			name = Release;
		};
		253C731620ED100C00BC1DD8 /* Debug */ = {
			isa = XCBuildConfiguration;
			buildSettings = {
				ASSETCATALOG_COMPILER_APPICON_NAME = AppIcon;
				CODE_SIGN_STYLE = Automatic;
				DEVELOPMENT_TEAM = R324JN2J7P;
				INFOPLIST_FILE = iTunesClient/Info.plist;
				LD_RUNPATH_SEARCH_PATHS = (
					"$(inherited)",
					"@executable_path/Frameworks",
				);
				PRODUCT_BUNDLE_IDENTIFIER = co.DevodriqRoberts.iTunesClient;
				PRODUCT_NAME = "$(TARGET_NAME)";
				SWIFT_VERSION = 4.0;
				TARGETED_DEVICE_FAMILY = "1,2";
			};
			name = Debug;
		};
		253C731720ED100C00BC1DD8 /* Release */ = {
			isa = XCBuildConfiguration;
			buildSettings = {
				ASSETCATALOG_COMPILER_APPICON_NAME = AppIcon;
				CODE_SIGN_STYLE = Automatic;
				DEVELOPMENT_TEAM = R324JN2J7P;
				INFOPLIST_FILE = iTunesClient/Info.plist;
				LD_RUNPATH_SEARCH_PATHS = (
					"$(inherited)",
					"@executable_path/Frameworks",
				);
				PRODUCT_BUNDLE_IDENTIFIER = co.DevodriqRoberts.iTunesClient;
				PRODUCT_NAME = "$(TARGET_NAME)";
				SWIFT_VERSION = 4.0;
				TARGETED_DEVICE_FAMILY = "1,2";
			};
			name = Release;
		};
/* End XCBuildConfiguration section */

/* Begin XCConfigurationList section */
		253C72FE20ED100A00BC1DD8 /* Build configuration list for PBXProject "iTunesClient" */ = {
			isa = XCConfigurationList;
			buildConfigurations = (
				253C731320ED100C00BC1DD8 /* Debug */,
				253C731420ED100C00BC1DD8 /* Release */,
			);
			defaultConfigurationIsVisible = 0;
			defaultConfigurationName = Release;
		};
		253C731520ED100C00BC1DD8 /* Build configuration list for PBXNativeTarget "iTunesClient" */ = {
			isa = XCConfigurationList;
			buildConfigurations = (
				253C731620ED100C00BC1DD8 /* Debug */,
				253C731720ED100C00BC1DD8 /* Release */,
			);
			defaultConfigurationIsVisible = 0;
			defaultConfigurationName = Release;
		};
/* End XCConfigurationList section */
	};
	rootObject = 253C72FB20ED100A00BC1DD8 /* Project object */;
}
